
Microsoft Visual Studio Solution File, Format Version 12.00
# Visual Studio 15
VisualStudioVersion = 15.0.28010.2048
MinimumVisualStudioVersion = 10.0.40219.1
Project("{8BC9CEB8-8B4A-11D0-8D11-00A0C91BC942}") = "Vektor", "Vektor.vcxproj", "{50616255-270C-4377-8DA5-DF6F53E14ED8}"
EndProject
Global
	GlobalSection(SolutionConfigurationPlatforms) = preSolution
		Debug|x64 = Debug|x64
		Debug|x86 = Debug|x86
		Release|x64 = Release|x64
		Release|x86 = Release|x86
	EndGlobalSection
	GlobalSection(ProjectConfigurationPlatforms) = postSolution
		{50616255-270C-4377-8DA5-DF6F53E14ED8}.Debug|x64.ActiveCfg = Debug|x64
		{50616255-270C-4377-8DA5-DF6F53E14ED8}.Debug|x64.Build.0 = Debug|x64
		{50616255-270C-4377-8DA5-DF6F53E14ED8}.Debug|x86.ActiveCfg = Debug|Win32
		{50616255-270C-4377-8DA5-DF6F53E14ED8}.Debug|x86.Build.0 = Debug|Win32
		{50616255-270C-4377-8DA5-DF6F53E14ED8}.Release|x64.ActiveCfg = Release|x64
		{50616255-270C-4377-8DA5-DF6F53E14ED8}.Release|x64.Build.0 = Release|x64
		{50616255-270C-4377-8DA5-DF6F53E14ED8}.Release|x86.ActiveCfg = Release|Win32
		{50616255-270C-4377-8DA5-DF6F53E14ED8}.Release|x86.Build.0 = Release|Win32
	EndGlobalSection
	GlobalSection(SolutionProperties) = preSolution
		HideSolutionNode = FALSE
	EndGlobalSection
	GlobalSection(ExtensibilityGlobals) = postSolution
		SolutionGuid = {9041F0A1-4287-4CDA-8B4D-00F2055C567D}
	EndGlobalSection
EndGlobal
